{
	"name": "@testring/api",
	"version": "0.5.36",
	"lockfileVersion": 1,
	"requires": true,
	"dependencies": {
		"@testring/async-breakpoints": {
			"version": "0.5.36",
			"resolved": "https://registry.npmjs.org/@testring/async-breakpoints/-/async-breakpoints-0.5.36.tgz",
			"integrity": "sha512-dAWjTreuoTi9+v/lc/FkD+ochtxDt80lZZlmnO4cNrP/7X2NPTMk90Qp69wHhOrEoXyiIFuA8f/gkw6dIkljLQ=="
		}
	}
}
