{
	"name": "@testring/web-application",
	"version": "0.5.36",
	"lockfileVersion": 1,
	"requires": true,
	"dependencies": {
		"@testring/async-breakpoints": {
			"version": "0.5.36",
			"resolved": "https://registry.npmjs.org/@testring/async-breakpoints/-/async-breakpoints-0.5.36.tgz",
			"integrity": "sha512-dAWjTreuoTi9+v/lc/FkD+ochtxDt80lZZlmnO4cNrP/7X2NPTMk90Qp69wHhOrEoXyiIFuA8f/gkw6dIkljLQ=="
		},
		"@testring/element-path": {
			"version": "0.5.36",
			"resolved": "https://registry.npmjs.org/@testring/element-path/-/element-path-0.5.36.tgz",
			"integrity": "sha512-vfW7pZKdxfzY7V9dgmYbgj3iagJUm4pkjIWgtM+xZflT7oHZIB5Mb3KGO9m3Uz/BhP30BG6Zw0YN22UuKLJlsQ=="
		},
		"@types/node": {
			"version": "14.17.6",
			"resolved": "https://registry.npmjs.org/@types/node/-/node-14.17.6.tgz",
			"integrity": "sha512-iBxsxU7eswQDGhlr3AiamBxOssaYxbM+NKXVil8jg9yFXvrfEFbDumLD/2dMTB+zYyg7w+Xjt8yuxfdbUHAtcQ==",
			"dev": true
		}
	}
}
