{
	"name": "@testring/web-application",
	"version": "0.6.0",
	"lockfileVersion": 2,
	"requires": true,
	"packages": {
		"": {
			"name": "@testring/web-application",
			"version": "0.6.0",
			"license": "MIT",
			"devDependencies": {
				"@types/node": "14.17.6"
			}
		},
		"node_modules/@types/node": {
			"version": "14.17.6",
			"resolved": "https://registry.npmjs.org/@types/node/-/node-14.17.6.tgz",
			"integrity": "sha512-iBxsxU7eswQDGhlr3AiamBxOssaYxbM+NKXVil8jg9yFXvrfEFbDumLD/2dMTB+zYyg7w+Xjt8yuxfdbUHAtcQ==",
			"dev": true
		}
	},
	"dependencies": {
		"@types/node": {
			"version": "14.17.6",
			"resolved": "https://registry.npmjs.org/@types/node/-/node-14.17.6.tgz",
			"integrity": "sha512-iBxsxU7eswQDGhlr3AiamBxOssaYxbM+NKXVil8jg9yFXvrfEFbDumLD/2dMTB+zYyg7w+Xjt8yuxfdbUHAtcQ==",
			"dev": true
		}
	}
}
