{
	"name": "@testring-dev/test-worker",
	"version": "0.5.45",
	"lockfileVersion": 1,
	"requires": true,
	"dependencies": {
		"@types/node": {
			"version": "14.17.6",
			"resolved": "https://registry.npmjs.org/@types/node/-/node-14.17.6.tgz",
			"integrity": "sha512-iBxsxU7eswQDGhlr3AiamBxOssaYxbM+NKXVil8jg9yFXvrfEFbDumLD/2dMTB+zYyg7w+Xjt8yuxfdbUHAtcQ=="
		}
	}
}
